
Microsoft Visual Studio Solution File, Format Version 12.00
# Visual Studio Version 17
VisualStudioVersion = 17.7.34221.43
MinimumVisualStudioVersion = 10.0.40219.1
Project("{2150E333-8FDC-42A3-9474-1A3956D46DE8}") = "src", "src", "{DB1765B4-9BAA-4B84-A376-3A3D04D111DF}"
	ProjectSection(SolutionItems) = preProject
		.gitignore = .gitignore
	EndProjectSection
EndProject
Project("{2150E333-8FDC-42A3-9474-1A3956D46DE8}") = "tests", "tests", "{E3768B8D-3BDC-4AA1-9897-E0B9919D5119}"
EndProject
Project("{E53339B2-1760-4266-BCC7-CA923CBCF16C}") = "docker-compose", "docker-compose.dcproj", "{72454F7A-F8F9-497F-A82B-F95A7DDE9D77}"
EndProject
Project("{9A19103F-16F7-4668-BE54-9A1E7A4F7556}") = "TechChallenge.Api", "src\TechChallenge.Api\TechChallenge.Api.csproj", "{B344F5BF-48B7-4AD3-9ACA-D6963F43138E}"
EndProject
Project("{9A19103F-16F7-4668-BE54-9A1E7A4F7556}") = "TechChallenge.Application", "src\TechChallenge.Application\TechChallenge.Application.csproj", "{434DC4AA-3C30-48DF-8FCE-226227D0D0F4}"
EndProject
Project("{9A19103F-16F7-4668-BE54-9A1E7A4F7556}") = "TechChallenge.Domain", "src\TechChallenge.Domain\TechChallenge.Domain.csproj", "{DD21F236-F040-499B-B5C8-31C24494FF01}"
EndProject
Project("{9A19103F-16F7-4668-BE54-9A1E7A4F7556}") = "TechChallenge.Infra", "src\TechChallenge.Infra\TechChallenge.Infra.csproj", "{B78F7F20-C54B-4059-8642-1A602AAF614C}"
EndProject
Global
	GlobalSection(SolutionConfigurationPlatforms) = preSolution
		Debug|Any CPU = Debug|Any CPU
		Release|Any CPU = Release|Any CPU
	EndGlobalSection
	GlobalSection(ProjectConfigurationPlatforms) = postSolution
		{72454F7A-F8F9-497F-A82B-F95A7DDE9D77}.Debug|Any CPU.ActiveCfg = Debug|Any CPU
		{72454F7A-F8F9-497F-A82B-F95A7DDE9D77}.Debug|Any CPU.Build.0 = Debug|Any CPU
		{72454F7A-F8F9-497F-A82B-F95A7DDE9D77}.Release|Any CPU.ActiveCfg = Release|Any CPU
		{72454F7A-F8F9-497F-A82B-F95A7DDE9D77}.Release|Any CPU.Build.0 = Release|Any CPU
		{B344F5BF-48B7-4AD3-9ACA-D6963F43138E}.Debug|Any CPU.ActiveCfg = Debug|Any CPU
		{B344F5BF-48B7-4AD3-9ACA-D6963F43138E}.Debug|Any CPU.Build.0 = Debug|Any CPU
		{B344F5BF-48B7-4AD3-9ACA-D6963F43138E}.Release|Any CPU.ActiveCfg = Release|Any CPU
		{B344F5BF-48B7-4AD3-9ACA-D6963F43138E}.Release|Any CPU.Build.0 = Release|Any CPU
		{434DC4AA-3C30-48DF-8FCE-226227D0D0F4}.Debug|Any CPU.ActiveCfg = Debug|Any CPU
		{434DC4AA-3C30-48DF-8FCE-226227D0D0F4}.Debug|Any CPU.Build.0 = Debug|Any CPU
		{434DC4AA-3C30-48DF-8FCE-226227D0D0F4}.Release|Any CPU.ActiveCfg = Release|Any CPU
		{434DC4AA-3C30-48DF-8FCE-226227D0D0F4}.Release|Any CPU.Build.0 = Release|Any CPU
		{DD21F236-F040-499B-B5C8-31C24494FF01}.Debug|Any CPU.ActiveCfg = Debug|Any CPU
		{DD21F236-F040-499B-B5C8-31C24494FF01}.Debug|Any CPU.Build.0 = Debug|Any CPU
		{DD21F236-F040-499B-B5C8-31C24494FF01}.Release|Any CPU.ActiveCfg = Release|Any CPU
		{DD21F236-F040-499B-B5C8-31C24494FF01}.Release|Any CPU.Build.0 = Release|Any CPU
		{B78F7F20-C54B-4059-8642-1A602AAF614C}.Debug|Any CPU.ActiveCfg = Debug|Any CPU
		{B78F7F20-C54B-4059-8642-1A602AAF614C}.Debug|Any CPU.Build.0 = Debug|Any CPU
		{B78F7F20-C54B-4059-8642-1A602AAF614C}.Release|Any CPU.ActiveCfg = Release|Any CPU
		{B78F7F20-C54B-4059-8642-1A602AAF614C}.Release|Any CPU.Build.0 = Release|Any CPU
	EndGlobalSection
	GlobalSection(SolutionProperties) = preSolution
		HideSolutionNode = FALSE
	EndGlobalSection
	GlobalSection(NestedProjects) = preSolution
		{B344F5BF-48B7-4AD3-9ACA-D6963F43138E} = {DB1765B4-9BAA-4B84-A376-3A3D04D111DF}
		{434DC4AA-3C30-48DF-8FCE-226227D0D0F4} = {DB1765B4-9BAA-4B84-A376-3A3D04D111DF}
		{DD21F236-F040-499B-B5C8-31C24494FF01} = {DB1765B4-9BAA-4B84-A376-3A3D04D111DF}
		{B78F7F20-C54B-4059-8642-1A602AAF614C} = {DB1765B4-9BAA-4B84-A376-3A3D04D111DF}
	EndGlobalSection
	GlobalSection(ExtensibilityGlobals) = postSolution
		SolutionGuid = {E277981A-754B-4F81-82B8-DFC1F1B6A3A0}
	EndGlobalSection
EndGlobal
